Microsoft Visual Studio Solution File, Format Version 12.00
# Visual Studio Version 17
VisualStudioVersion = 17.5.2.0
MinimumVisualStudioVersion = 10.0.40219.1
Project("{FAE04EC0-301F-11D3-BF4B-00C04F79EFBC}") = "OpenHdFlightLog", "OpenHdFlightLog\OpenHdFlightLog.csproj", "{037B38EA-5576-AAA9-6A3E-8EFB93BA3A32}"
EndProject
Global
	GlobalSection(SolutionConfigurationPlatforms) = preSolution
		Debug|Any CPU = Debug|Any CPU
		Release|Any CPU = Release|Any CPU
	EndGlobalSection
	GlobalSection(ProjectConfigurationPlatforms) = postSolution
		{037B38EA-5576-AAA9-6A3E-8EFB93BA3A32}.Debug|Any CPU.ActiveCfg = Debug|Any CPU
		{037B38EA-5576-AAA9-6A3E-8EFB93BA3A32}.Debug|Any CPU.Build.0 = Debug|Any CPU
		{037B38EA-5576-AAA9-6A3E-8EFB93BA3A32}.Release|Any CPU.ActiveCfg = Release|Any CPU
		{037B38EA-5576-AAA9-6A3E-8EFB93BA3A32}.Release|Any CPU.Build.0 = Release|Any CPU
	EndGlobalSection
	GlobalSection(SolutionProperties) = preSolution
		HideSolutionNode = FALSE
	EndGlobalSection
	GlobalSection(ExtensibilityGlobals) = postSolution
		SolutionGuid = {5D75B227-7B52-409E-A481-63CF24C6D6ED}
	EndGlobalSection
EndGlobal
